
Microsoft Visual Studio Solution File, Format Version 12.00
# Visual Studio Version 17
VisualStudioVersion = 17.13.35825.156
MinimumVisualStudioVersion = 10.0.40219.1
Project("{FAE04EC0-301F-11D3-BF4B-00C04F79EFBC}") = "SSE.Core", "SSE.Core\SSE.Core.csproj", "{28D2FFC6-365B-4AF7-8F37-C862F21F2EFE}"
EndProject
Project("{FAE04EC0-301F-11D3-BF4B-00C04F79EFBC}") = "SSE.Cryptography", "SSE.Cryptography\SSE.Cryptography.csproj", "{300C904C-1E62-4843-9176-7FED7D44F2DB}"
EndProject
Project("{FAE04EC0-301F-11D3-BF4B-00C04F79EFBC}") = "SSE.Client", "SSE.Client\SSE.Client.csproj", "{04101371-32FC-EF32-D976-51280D6076F0}"
EndProject
Project("{FAE04EC0-301F-11D3-BF4B-00C04F79EFBC}") = "SSE.Server", "SSE.Server\SSE.Server.csproj", "{93500BD6-19B1-8842-E60A-56FA80F9211C}"
EndProject
Project("{FAE04EC0-301F-11D3-BF4B-00C04F79EFBC}") = "SSE.Tests", "SSE.Tests\SSE.Tests.csproj", "{CA807CDD-7BE6-5FEF-9B14-6A2384057872}"
EndProject
Global
	GlobalSection(SolutionConfigurationPlatforms) = preSolution
		Debug|Any CPU = Debug|Any CPU
		Release|Any CPU = Release|Any CPU
	EndGlobalSection
	GlobalSection(ProjectConfigurationPlatforms) = postSolution
		{28D2FFC6-365B-4AF7-8F37-C862F21F2EFE}.Debug|Any CPU.ActiveCfg = Debug|Any CPU
		{28D2FFC6-365B-4AF7-8F37-C862F21F2EFE}.Debug|Any CPU.Build.0 = Debug|Any CPU
		{28D2FFC6-365B-4AF7-8F37-C862F21F2EFE}.Release|Any CPU.ActiveCfg = Release|Any CPU
		{28D2FFC6-365B-4AF7-8F37-C862F21F2EFE}.Release|Any CPU.Build.0 = Release|Any CPU
		{300C904C-1E62-4843-9176-7FED7D44F2DB}.Debug|Any CPU.ActiveCfg = Debug|Any CPU
		{300C904C-1E62-4843-9176-7FED7D44F2DB}.Debug|Any CPU.Build.0 = Debug|Any CPU
		{300C904C-1E62-4843-9176-7FED7D44F2DB}.Release|Any CPU.ActiveCfg = Release|Any CPU
		{300C904C-1E62-4843-9176-7FED7D44F2DB}.Release|Any CPU.Build.0 = Release|Any CPU
		{04101371-32FC-EF32-D976-51280D6076F0}.Debug|Any CPU.ActiveCfg = Debug|Any CPU
		{04101371-32FC-EF32-D976-51280D6076F0}.Debug|Any CPU.Build.0 = Debug|Any CPU
		{04101371-32FC-EF32-D976-51280D6076F0}.Release|Any CPU.ActiveCfg = Release|Any CPU
		{04101371-32FC-EF32-D976-51280D6076F0}.Release|Any CPU.Build.0 = Release|Any CPU
		{93500BD6-19B1-8842-E60A-56FA80F9211C}.Debug|Any CPU.ActiveCfg = Debug|Any CPU
		{93500BD6-19B1-8842-E60A-56FA80F9211C}.Debug|Any CPU.Build.0 = Debug|Any CPU
		{93500BD6-19B1-8842-E60A-56FA80F9211C}.Release|Any CPU.ActiveCfg = Release|Any CPU
		{93500BD6-19B1-8842-E60A-56FA80F9211C}.Release|Any CPU.Build.0 = Release|Any CPU
		{CA807CDD-7BE6-5FEF-9B14-6A2384057872}.Debug|Any CPU.ActiveCfg = Debug|Any CPU
		{CA807CDD-7BE6-5FEF-9B14-6A2384057872}.Debug|Any CPU.Build.0 = Debug|Any CPU
		{CA807CDD-7BE6-5FEF-9B14-6A2384057872}.Release|Any CPU.ActiveCfg = Release|Any CPU
		{CA807CDD-7BE6-5FEF-9B14-6A2384057872}.Release|Any CPU.Build.0 = Release|Any CPU
	EndGlobalSection
	GlobalSection(SolutionProperties) = preSolution
		HideSolutionNode = FALSE
	EndGlobalSection
	GlobalSection(ExtensibilityGlobals) = postSolution
		SolutionGuid = {7C3CE439-A2CD-4584-B421-9BCA375B53F6}
	EndGlobalSection
EndGlobal
